
Microsoft Visual Studio Solution File, Format Version 12.00
# Visual Studio Version 17
VisualStudioVersion = 17.3.32929.385
MinimumVisualStudioVersion = 10.0.40219.1
Project("{9A19103F-16F7-4668-BE54-9A1E7A4F7556}") = "TAsk18_Factory", "TAsk18_Factory\TAsk18_Factory.csproj", "{54DF484A-E7E9-41D5-84A5-C8CF5A8E861B}"
EndProject
Project("{9A19103F-16F7-4668-BE54-9A1E7A4F7556}") = "AnimalType", "AnimalType\AnimalType.csproj", "{2A68C4C5-322C-4AB5-8F73-68FFB5E2D812}"
EndProject
Project("{FAE04EC0-301F-11D3-BF4B-00C04F79EFBC}") = "ExternalAnimal", "ExternalAnimal\ExternalAnimal.csproj", "{DAD1BA15-2934-4431-8F0F-7A7A78508528}"
EndProject
Global
	GlobalSection(SolutionConfigurationPlatforms) = preSolution
		Debug|Any CPU = Debug|Any CPU
		Release|Any CPU = Release|Any CPU
	EndGlobalSection
	GlobalSection(ProjectConfigurationPlatforms) = postSolution
		{54DF484A-E7E9-41D5-84A5-C8CF5A8E861B}.Debug|Any CPU.ActiveCfg = Debug|Any CPU
		{54DF484A-E7E9-41D5-84A5-C8CF5A8E861B}.Debug|Any CPU.Build.0 = Debug|Any CPU
		{54DF484A-E7E9-41D5-84A5-C8CF5A8E861B}.Release|Any CPU.ActiveCfg = Release|Any CPU
		{54DF484A-E7E9-41D5-84A5-C8CF5A8E861B}.Release|Any CPU.Build.0 = Release|Any CPU
		{2A68C4C5-322C-4AB5-8F73-68FFB5E2D812}.Debug|Any CPU.ActiveCfg = Debug|Any CPU
		{2A68C4C5-322C-4AB5-8F73-68FFB5E2D812}.Debug|Any CPU.Build.0 = Debug|Any CPU
		{2A68C4C5-322C-4AB5-8F73-68FFB5E2D812}.Release|Any CPU.ActiveCfg = Release|Any CPU
		{2A68C4C5-322C-4AB5-8F73-68FFB5E2D812}.Release|Any CPU.Build.0 = Release|Any CPU
		{DAD1BA15-2934-4431-8F0F-7A7A78508528}.Debug|Any CPU.ActiveCfg = Debug|Any CPU
		{DAD1BA15-2934-4431-8F0F-7A7A78508528}.Debug|Any CPU.Build.0 = Debug|Any CPU
		{DAD1BA15-2934-4431-8F0F-7A7A78508528}.Release|Any CPU.ActiveCfg = Release|Any CPU
		{DAD1BA15-2934-4431-8F0F-7A7A78508528}.Release|Any CPU.Build.0 = Release|Any CPU
	EndGlobalSection
	GlobalSection(SolutionProperties) = preSolution
		HideSolutionNode = FALSE
	EndGlobalSection
	GlobalSection(ExtensibilityGlobals) = postSolution
		SolutionGuid = {AA7CC2C1-3506-4EF6-AC07-C2B26B95BE07}
	EndGlobalSection
EndGlobal
